// !$*UTF8*$!
{
	archiveVersion = 1;
	classes = {
	};
	objectVersion = 77;
	objects = {

/* Begin PBXBuildFile section */
		14E3171BF77CD3C498E0C7A0 /* Assets.xcassets in Resources */ = {isa = PBXBuildFile; fileRef = 9631C345541BE72D3C381831 /* Assets.xcassets */; };
		163CAC05DED534FDE6F226FE /* MiniMaxAPIService.swift in Sources */ = {isa = PBXBuildFile; fileRef = 946C63D02E7F8FF7F91D918F /* MiniMaxAPIService.swift */; };
		1D42AFD34538EB6B0C739389 /* RingProgressView.swift in Sources */ = {isa = PBXBuildFile; fileRef = 9C53CA3A7ECB161E0E7F1669 /* RingProgressView.swift */; };
		48127B94D65BDB2C965DBA57 /* MiniMaxBarApp.swift in Sources */ = {isa = PBXBuildFile; fileRef = 0DDD8E8A7DDC4D030F981F34 /* MiniMaxBarApp.swift */; };
		5D0CC82C5E3F0D726A08A24E /* StatusBarView.swift in Sources */ = {isa = PBXBuildFile; fileRef = B3D7A0B9D16A55CE7C7627AD /* StatusBarView.swift */; };
		8192D7BA52054B23A8BAB4EF /* UsageData.swift in Sources */ = {isa = PBXBuildFile; fileRef = 4E78E5699D394CA5925CED30 /* UsageData.swift */; };
		BBD79F7391FE892F882410A6 /* ConfigService.swift in Sources */ = {isa = PBXBuildFile; fileRef = 46B406C5BB53A9999A826ACB /* ConfigService.swift */; };
		C372E8E69ACE73CC87187CA8 /* UsageViewModel.swift in Sources */ = {isa = PBXBuildFile; fileRef = DCEBD3D7251E114B3F5A3542 /* UsageViewModel.swift */; };
		DF94DF95EE05471A358C3EB9 /* PopoverContentView.swift in Sources */ = {isa = PBXBuildFile; fileRef = 247BC853E208F8F17BF7B12C /* PopoverContentView.swift */; };
/* End PBXBuildFile section */

/* Begin PBXFileReference section */
		0DDD8E8A7DDC4D030F981F34 /* MiniMaxBarApp.swift */ = {isa = PBXFileReference; lastKnownFileType = sourcecode.swift; path = MiniMaxBarApp.swift; sourceTree = "<group>"; };
		247BC853E208F8F17BF7B12C /* PopoverContentView.swift */ = {isa = PBXFileReference; lastKnownFileType = sourcecode.swift; path = PopoverContentView.swift; sourceTree = "<group>"; };
		46B406C5BB53A9999A826ACB /* ConfigService.swift */ = {isa = PBXFileReference; lastKnownFileType = sourcecode.swift; path = ConfigService.swift; sourceTree = "<group>"; };
		4E78E5699D394CA5925CED30 /* UsageData.swift */ = {isa = PBXFileReference; lastKnownFileType = sourcecode.swift; path = UsageData.swift; sourceTree = "<group>"; };
		933B5730DC2B67467CD8DEF4 /* MiniMaxBar.app */ = {isa = PBXFileReference; explicitFileType = wrapper.application; includeInIndex = 0; path = MiniMaxBar.app; sourceTree = BUILT_PRODUCTS_DIR; };
		946C63D02E7F8FF7F91D918F /* MiniMaxAPIService.swift */ = {isa = PBXFileReference; lastKnownFileType = sourcecode.swift; path = MiniMaxAPIService.swift; sourceTree = "<group>"; };
		9631C345541BE72D3C381831 /* Assets.xcassets */ = {isa = PBXFileReference; lastKnownFileType = folder.assetcatalog; path = Assets.xcassets; sourceTree = "<group>"; };
		9C53CA3A7ECB161E0E7F1669 /* RingProgressView.swift */ = {isa = PBXFileReference; lastKnownFileType = sourcecode.swift; path = RingProgressView.swift; sourceTree = "<group>"; };
		B3D7A0B9D16A55CE7C7627AD /* StatusBarView.swift */ = {isa = PBXFileReference; lastKnownFileType = sourcecode.swift; path = StatusBarView.swift; sourceTree = "<group>"; };
		DCEBD3D7251E114B3F5A3542 /* UsageViewModel.swift */ = {isa = PBXFileReference; lastKnownFileType = sourcecode.swift; path = UsageViewModel.swift; sourceTree = "<group>"; };
/* End PBXFileReference section */

/* Begin PBXGroup section */
		077D11ACDEA708FCE324D031 = {
			isa = PBXGroup;
			children = (
				225C940886E0B7F585D62226 /* MiniMaxBar */,
				82F21374F255D30A8DB5D3E2 /* Products */,
			);
			sourceTree = "<group>";
		};
		0FD2990D51350AB1DCA26203 /* Views */ = {
			isa = PBXGroup;
			children = (
				247BC853E208F8F17BF7B12C /* PopoverContentView.swift */,
				9C53CA3A7ECB161E0E7F1669 /* RingProgressView.swift */,
				B3D7A0B9D16A55CE7C7627AD /* StatusBarView.swift */,
			);
			path = Views;
			sourceTree = "<group>";
		};
		225C940886E0B7F585D62226 /* MiniMaxBar */ = {
			isa = PBXGroup;
			children = (
				6B64C081633C7F1F12C12488 /* App */,
				CE5DD6A81E5EF37816FA79CA /* Models */,
				BA7D4336051FDAF5DA8D804B /* Resources */,
				7375FC29FFDB778B7F85930F /* Services */,
				DE0C7A832AB29D9A6776E3B4 /* ViewModels */,
				0FD2990D51350AB1DCA26203 /* Views */,
			);
			path = MiniMaxBar;
			sourceTree = "<group>";
		};
		6B64C081633C7F1F12C12488 /* App */ = {
			isa = PBXGroup;
			children = (
				0DDD8E8A7DDC4D030F981F34 /* MiniMaxBarApp.swift */,
			);
			path = App;
			sourceTree = "<group>";
		};
		7375FC29FFDB778B7F85930F /* Services */ = {
			isa = PBXGroup;
			children = (
				46B406C5BB53A9999A826ACB /* ConfigService.swift */,
				946C63D02E7F8FF7F91D918F /* MiniMaxAPIService.swift */,
			);
			path = Services;
			sourceTree = "<group>";
		};
		82F21374F255D30A8DB5D3E2 /* Products */ = {
			isa = PBXGroup;
			children = (
				933B5730DC2B67467CD8DEF4 /* MiniMaxBar.app */,
			);
			name = Products;
			sourceTree = "<group>";
		};
		BA7D4336051FDAF5DA8D804B /* Resources */ = {
			isa = PBXGroup;
			children = (
				9631C345541BE72D3C381831 /* Assets.xcassets */,
			);
			path = Resources;
			sourceTree = "<group>";
		};
		CE5DD6A81E5EF37816FA79CA /* Models */ = {
			isa = PBXGroup;
			children = (
				4E78E5699D394CA5925CED30 /* UsageData.swift */,
			);
			path = Models;
			sourceTree = "<group>";
		};
		DE0C7A832AB29D9A6776E3B4 /* ViewModels */ = {
			isa = PBXGroup;
			children = (
				DCEBD3D7251E114B3F5A3542 /* UsageViewModel.swift */,
			);
			path = ViewModels;
			sourceTree = "<group>";
		};
/* End PBXGroup section */

/* Begin PBXNativeTarget section */
		0A2CCD337F8F760A794B5361 /* MiniMaxBar */ = {
			isa = PBXNativeTarget;
			buildConfigurationList = FEBD1074147212EC5410B88C /* Build configuration list for PBXNativeTarget "MiniMaxBar" */;
			buildPhases = (
				847F40C61A1CEAA678A0399B /* Sources */,
				3AA9456D6701AA1D94C21661 /* Resources */,
			);
			buildRules = (
			);
			dependencies = (
			);
			name = MiniMaxBar;
			packageProductDependencies = (
			);
			productName = MiniMaxBar;
			productReference = 933B5730DC2B67467CD8DEF4 /* MiniMaxBar.app */;
			productType = "com.apple.product-type.application";
		};
/* End PBXNativeTarget section */

/* Begin PBXProject section */
		C8DCF989720B7EBB67BEE469 /* Project object */ = {
			isa = PBXProject;
			attributes = {
				BuildIndependentTargetsInParallel = YES;
				LastUpgradeCheck = 1430;
				TargetAttributes = {
				};
			};
			buildConfigurationList = 6F3AE26472882A52ABCD550B /* Build configuration list for PBXProject "MiniMaxBar" */;
			developmentRegion = en;
			hasScannedForEncodings = 0;
			knownRegions = (
				Base,
				en,
			);
			mainGroup = 077D11ACDEA708FCE324D031;
			minimizedProjectReferenceProxies = 1;
			preferredProjectObjectVersion = 77;
			productRefGroup = 82F21374F255D30A8DB5D3E2 /* Products */;
			projectDirPath = "";
			projectRoot = "";
			targets = (
				0A2CCD337F8F760A794B5361 /* MiniMaxBar */,
			);
		};
/* End PBXProject section */

/* Begin PBXResourcesBuildPhase section */
		3AA9456D6701AA1D94C21661 /* Resources */ = {
			isa = PBXResourcesBuildPhase;
			buildActionMask = 2147483647;
			files = (
				14E3171BF77CD3C498E0C7A0 /* Assets.xcassets in Resources */,
			);
			runOnlyForDeploymentPostprocessing = 0;
		};
/* End PBXResourcesBuildPhase section */

/* Begin PBXSourcesBuildPhase section */
		847F40C61A1CEAA678A0399B /* Sources */ = {
			isa = PBXSourcesBuildPhase;
			buildActionMask = 2147483647;
			files = (
				BBD79F7391FE892F882410A6 /* ConfigService.swift in Sources */,
				163CAC05DED534FDE6F226FE /* MiniMaxAPIService.swift in Sources */,
				48127B94D65BDB2C965DBA57 /* MiniMaxBarApp.swift in Sources */,
				DF94DF95EE05471A358C3EB9 /* PopoverContentView.swift in Sources */,
				1D42AFD34538EB6B0C739389 /* RingProgressView.swift in Sources */,
				5D0CC82C5E3F0D726A08A24E /* StatusBarView.swift in Sources */,
				8192D7BA52054B23A8BAB4EF /* UsageData.swift in Sources */,
				C372E8E69ACE73CC87187CA8 /* UsageViewModel.swift in Sources */,
			);
			runOnlyForDeploymentPostprocessing = 0;
		};
/* End PBXSourcesBuildPhase section */

/* Begin XCBuildConfiguration section */
		010FCB9E1AB651FF1801EAAE /* Release */ = {
			isa = XCBuildConfiguration;
			buildSettings = {
				ALWAYS_SEARCH_USER_PATHS = NO;
				CLANG_ANALYZER_NONNULL = YES;
				CLANG_ANALYZER_NUMBER_OBJECT_CONVERSION = YES_AGGRESSIVE;
				CLANG_CXX_LANGUAGE_STANDARD = "gnu++14";
				CLANG_CXX_LIBRARY = "libc++";
				CLANG_ENABLE_MODULES = YES;
				CLANG_ENABLE_OBJC_ARC = YES;
				CLANG_ENABLE_OBJC_WEAK = YES;
				CLANG_WARN_BLOCK_CAPTURE_AUTORELEASING = YES;
				CLANG_WARN_BOOL_CONVERSION = YES;
				CLANG_WARN_COMMA = YES;
				CLANG_WARN_CONSTANT_CONVERSION = YES;
				CLANG_WARN_DEPRECATED_OBJC_IMPLEMENTATIONS = YES;
				CLANG_WARN_DIRECT_OBJC_ISA_USAGE = YES_ERROR;
				CLANG_WARN_DOCUMENTATION_COMMENTS = YES;
				CLANG_WARN_EMPTY_BODY = YES;
				CLANG_WARN_ENUM_CONVERSION = YES;
				CLANG_WARN_INFINITE_RECURSION = YES;
				CLANG_WARN_INT_CONVERSION = YES;
				CLANG_WARN_NON_LITERAL_NULL_CONVERSION = YES;
				CLANG_WARN_OBJC_IMPLICIT_RETAIN_SELF = YES;
				CLANG_WARN_OBJC_LITERAL_CONVERSION = YES;
				CLANG_WARN_OBJC_ROOT_CLASS = YES_ERROR;
				CLANG_WARN_QUOTED_INCLUDE_IN_FRAMEWORK_HEADER = YES;
				CLANG_WARN_RANGE_LOOP_ANALYSIS = YES;
				CLANG_WARN_STRICT_PROTOTYPES = YES;
				CLANG_WARN_SUSPICIOUS_MOVE = YES;
				CLANG_WARN_UNGUARDED_AVAILABILITY = YES_AGGRESSIVE;
				CLANG_WARN_UNREACHABLE_CODE = YES;
				CLANG_WARN__DUPLICATE_METHOD_MATCH = YES;
				CODE_SIGNING_REQUIRED = NO;
				CODE_SIGN_ENTITLEMENTS = "";
				CODE_SIGN_IDENTITY = "-";
				COPY_PHASE_STRIP = NO;
				DEBUG_INFORMATION_FORMAT = "dwarf-with-dsym";
				ENABLE_NS_ASSERTIONS = NO;
				ENABLE_STRICT_OBJC_MSGSEND = YES;
				GCC_C_LANGUAGE_STANDARD = gnu11;
				GCC_NO_COMMON_BLOCKS = YES;
				GCC_WARN_64_TO_32_BIT_CONVERSION = YES;
				GCC_WARN_ABOUT_RETURN_TYPE = YES_ERROR;
				GCC_WARN_UNDECLARED_SELECTOR = YES;
				GCC_WARN_UNINITIALIZED_AUTOS = YES_AGGRESSIVE;
				GCC_WARN_UNUSED_FUNCTION = YES;
				GCC_WARN_UNUSED_VARIABLE = YES;
				MACOSX_DEPLOYMENT_TARGET = 14.0;
				MTL_ENABLE_DEBUG_INFO = NO;
				MTL_FAST_MATH = YES;
				PRODUCT_NAME = "$(TARGET_NAME)";
				SDKROOT = macosx;
				SWIFT_COMPILATION_MODE = wholemodule;
				SWIFT_OPTIMIZATION_LEVEL = "-O";
				SWIFT_VERSION = 5.9;
			};
			name = Release;
		};
		4FC0FF74DAACDCB9953C6528 /* Release */ = {
			isa = XCBuildConfiguration;
			buildSettings = {
				ASSETCATALOG_COMPILER_APPICON_NAME = AppIcon;
				COMBINE_HIDPI_IMAGES = YES;
				GENERATE_INFOPLIST_FILE = YES;
				INFOPLIST_GENERATION_MODE = GeneratedFile;
				INFOPLIST_KEY_CFBASEDisplayName = MiniMaxBar;
				INFOPLIST_KEY_LSApplicationCategoryType = "public.app-category.utilities";
				LD_RUNPATH_SEARCH_PATHS = (
					"$(inherited)",
					"@executable_path/../Frameworks",
				);
				PRODUCT_BUNDLE_IDENTIFIER = com.minimax.statusbar;
				SDKROOT = macosx;
			};
			name = Release;
		};
		6B2CBCD6239F710D9D84BCF5 /* Debug */ = {
			isa = XCBuildConfiguration;
			buildSettings = {
				ASSETCATALOG_COMPILER_APPICON_NAME = AppIcon;
				COMBINE_HIDPI_IMAGES = YES;
				GENERATE_INFOPLIST_FILE = YES;
				INFOPLIST_GENERATION_MODE = GeneratedFile;
				INFOPLIST_KEY_CFBASEDisplayName = MiniMaxBar;
				INFOPLIST_KEY_LSApplicationCategoryType = "public.app-category.utilities";
				LD_RUNPATH_SEARCH_PATHS = (
					"$(inherited)",
					"@executable_path/../Frameworks",
				);
				PRODUCT_BUNDLE_IDENTIFIER = com.minimax.statusbar;
				SDKROOT = macosx;
			};
			name = Debug;
		};
		D97D804D59C90773569D962C /* Debug */ = {
			isa = XCBuildConfiguration;
			buildSettings = {
				ALWAYS_SEARCH_USER_PATHS = NO;
				CLANG_ANALYZER_NONNULL = YES;
				CLANG_ANALYZER_NUMBER_OBJECT_CONVERSION = YES_AGGRESSIVE;
				CLANG_CXX_LANGUAGE_STANDARD = "gnu++14";
				CLANG_CXX_LIBRARY = "libc++";
				CLANG_ENABLE_MODULES = YES;
				CLANG_ENABLE_OBJC_ARC = YES;
				CLANG_ENABLE_OBJC_WEAK = YES;
				CLANG_WARN_BLOCK_CAPTURE_AUTORELEASING = YES;
				CLANG_WARN_BOOL_CONVERSION = YES;
				CLANG_WARN_COMMA = YES;
				CLANG_WARN_CONSTANT_CONVERSION = YES;
				CLANG_WARN_DEPRECATED_OBJC_IMPLEMENTATIONS = YES;
				CLANG_WARN_DIRECT_OBJC_ISA_USAGE = YES_ERROR;
				CLANG_WARN_DOCUMENTATION_COMMENTS = YES;
				CLANG_WARN_EMPTY_BODY = YES;
				CLANG_WARN_ENUM_CONVERSION = YES;
				CLANG_WARN_INFINITE_RECURSION = YES;
				CLANG_WARN_INT_CONVERSION = YES;
				CLANG_WARN_NON_LITERAL_NULL_CONVERSION = YES;
				CLANG_WARN_OBJC_IMPLICIT_RETAIN_SELF = YES;
				CLANG_WARN_OBJC_LITERAL_CONVERSION = YES;
				CLANG_WARN_OBJC_ROOT_CLASS = YES_ERROR;
				CLANG_WARN_QUOTED_INCLUDE_IN_FRAMEWORK_HEADER = YES;
				CLANG_WARN_RANGE_LOOP_ANALYSIS = YES;
				CLANG_WARN_STRICT_PROTOTYPES = YES;
				CLANG_WARN_SUSPICIOUS_MOVE = YES;
				CLANG_WARN_UNGUARDED_AVAILABILITY = YES_AGGRESSIVE;
				CLANG_WARN_UNREACHABLE_CODE = YES;
				CLANG_WARN__DUPLICATE_METHOD_MATCH = YES;
				CODE_SIGNING_REQUIRED = NO;
				CODE_SIGN_ENTITLEMENTS = "";
				CODE_SIGN_IDENTITY = "-";
				COPY_PHASE_STRIP = NO;
				DEBUG_INFORMATION_FORMAT = dwarf;
				ENABLE_STRICT_OBJC_MSGSEND = YES;
				ENABLE_TESTABILITY = YES;
				GCC_C_LANGUAGE_STANDARD = gnu11;
				GCC_DYNAMIC_NO_PIC = NO;
				GCC_NO_COMMON_BLOCKS = YES;
				GCC_OPTIMIZATION_LEVEL = 0;
				GCC_PREPROCESSOR_DEFINITIONS = (
					"$(inherited)",
					"DEBUG=1",
				);
				GCC_WARN_64_TO_32_BIT_CONVERSION = YES;
				GCC_WARN_ABOUT_RETURN_TYPE = YES_ERROR;
				GCC_WARN_UNDECLARED_SELECTOR = YES;
				GCC_WARN_UNINITIALIZED_AUTOS = YES_AGGRESSIVE;
				GCC_WARN_UNUSED_FUNCTION = YES;
				GCC_WARN_UNUSED_VARIABLE = YES;
				MACOSX_DEPLOYMENT_TARGET = 14.0;
				MTL_ENABLE_DEBUG_INFO = INCLUDE_SOURCE;
				MTL_FAST_MATH = YES;
				ONLY_ACTIVE_ARCH = YES;
				PRODUCT_NAME = "$(TARGET_NAME)";
				SDKROOT = macosx;
				SWIFT_ACTIVE_COMPILATION_CONDITIONS = DEBUG;
				SWIFT_OPTIMIZATION_LEVEL = "-Onone";
				SWIFT_VERSION = 5.9;
			};
			name = Debug;
		};
/* End XCBuildConfiguration section */

/* Begin XCConfigurationList section */
		6F3AE26472882A52ABCD550B /* Build configuration list for PBXProject "MiniMaxBar" */ = {
			isa = XCConfigurationList;
			buildConfigurations = (
				D97D804D59C90773569D962C /* Debug */,
				010FCB9E1AB651FF1801EAAE /* Release */,
			);
			defaultConfigurationIsVisible = 0;
			defaultConfigurationName = Debug;
		};
		FEBD1074147212EC5410B88C /* Build configuration list for PBXNativeTarget "MiniMaxBar" */ = {
			isa = XCConfigurationList;
			buildConfigurations = (
				6B2CBCD6239F710D9D84BCF5 /* Debug */,
				4FC0FF74DAACDCB9953C6528 /* Release */,
			);
			defaultConfigurationIsVisible = 0;
			defaultConfigurationName = Debug;
		};
/* End XCConfigurationList section */
	};
	rootObject = C8DCF989720B7EBB67BEE469 /* Project object */;
}
