// !$*UTF8*$!
{
	archiveVersion = 1;
	classes = {
	};
	objectVersion = 77;
	objects = {

/* Begin PBXBuildFile section */
		00204F62F033EC92F7882E2A /* UsageData.swift in Sources */ = {isa = PBXBuildFile; fileRef = 4C9BA1D9CCFD148BB268BCED /* UsageData.swift */; };
		1681FB3615CDA5A2AE1B6974 /* PopoverContentView.swift in Sources */ = {isa = PBXBuildFile; fileRef = DF42BE07546895634536AB76 /* PopoverContentView.swift */; };
		183855E1E92187B546181890 /* ConfigService.swift in Sources */ = {isa = PBXBuildFile; fileRef = 72564395C40F7134880B4952 /* ConfigService.swift */; };
		5B43B7BF8E58115C586CCC98 /* StatusBarController.swift in Sources */ = {isa = PBXBuildFile; fileRef = 36CE95E9B407987099519275 /* StatusBarController.swift */; };
		7E0BC1CF9AA16D75CE3F9F8B /* UsageViewModel.swift in Sources */ = {isa = PBXBuildFile; fileRef = CFC05F536332F93CECD941E9 /* UsageViewModel.swift */; };
		8886DD2876982EA364CCA4EC /* AppDelegate.swift in Sources */ = {isa = PBXBuildFile; fileRef = AF9B58FB30967FE6755B2110 /* AppDelegate.swift */; };
		8A82AE2ACB637FFB8F21517F /* Assets.xcassets in Resources */ = {isa = PBXBuildFile; fileRef = 9822F5F485DEE7A633E81FD9 /* Assets.xcassets */; };
		C7346CF0E915F06BCF44CAA8 /* main.swift in Sources */ = {isa = PBXBuildFile; fileRef = B2774C9D87F27454F58AA33D /* main.swift */; };
		E75F248FA702D76BDBA0633A /* StatusBarView.swift in Sources */ = {isa = PBXBuildFile; fileRef = F5B5C81B96DE090713FB96BC /* StatusBarView.swift */; };
		F56BAE663774DAE7DCED3498 /* MiniMaxAPIService.swift in Sources */ = {isa = PBXBuildFile; fileRef = FC067E4ECB394551BF3A7D81 /* MiniMaxAPIService.swift */; };
/* End PBXBuildFile section */

/* Begin PBXFileReference section */
		36CE95E9B407987099519275 /* StatusBarController.swift */ = {isa = PBXFileReference; lastKnownFileType = sourcecode.swift; path = StatusBarController.swift; sourceTree = "<group>"; };
		4C9BA1D9CCFD148BB268BCED /* UsageData.swift */ = {isa = PBXFileReference; lastKnownFileType = sourcecode.swift; path = UsageData.swift; sourceTree = "<group>"; };
		72564395C40F7134880B4952 /* ConfigService.swift */ = {isa = PBXFileReference; lastKnownFileType = sourcecode.swift; path = ConfigService.swift; sourceTree = "<group>"; };
		933B5730DC2B67467CD8DEF4 /* MiniMaxBar.app */ = {isa = PBXFileReference; explicitFileType = wrapper.application; includeInIndex = 0; path = MiniMaxBar.app; sourceTree = BUILT_PRODUCTS_DIR; };
		9822F5F485DEE7A633E81FD9 /* Assets.xcassets */ = {isa = PBXFileReference; lastKnownFileType = folder.assetcatalog; path = Assets.xcassets; sourceTree = "<group>"; };
		AF9B58FB30967FE6755B2110 /* AppDelegate.swift */ = {isa = PBXFileReference; lastKnownFileType = sourcecode.swift; path = AppDelegate.swift; sourceTree = "<group>"; };
		B2774C9D87F27454F58AA33D /* main.swift */ = {isa = PBXFileReference; lastKnownFileType = sourcecode.swift; path = main.swift; sourceTree = "<group>"; };
		CFC05F536332F93CECD941E9 /* UsageViewModel.swift */ = {isa = PBXFileReference; lastKnownFileType = sourcecode.swift; path = UsageViewModel.swift; sourceTree = "<group>"; };
		DF42BE07546895634536AB76 /* PopoverContentView.swift */ = {isa = PBXFileReference; lastKnownFileType = sourcecode.swift; path = PopoverContentView.swift; sourceTree = "<group>"; };
		F5B5C81B96DE090713FB96BC /* StatusBarView.swift */ = {isa = PBXFileReference; lastKnownFileType = sourcecode.swift; path = StatusBarView.swift; sourceTree = "<group>"; };
		FC067E4ECB394551BF3A7D81 /* MiniMaxAPIService.swift */ = {isa = PBXFileReference; lastKnownFileType = sourcecode.swift; path = MiniMaxAPIService.swift; sourceTree = "<group>"; };
/* End PBXFileReference section */

/* Begin PBXGroup section */
		077D11ACDEA708FCE324D031 = {
			isa = PBXGroup;
			children = (
				909A28930138DB8720DCFDAC /* App */,
				3A516522EF9C71717A24A516 /* Models */,
				361E4837E44AC48C2153D107 /* Resources */,
				AB2C75ADC8CC7525A62DFFDE /* Services */,
				D80EEEC4EB5ED576F0E3030E /* StatusBar */,
				6816B44349445E15C2710B8B /* ViewModels */,
				C7519ED2CECF8CB3D06569AD /* Views */,
				82F21374F255D30A8DB5D3E2 /* Products */,
			);
			sourceTree = "<group>";
		};
		361E4837E44AC48C2153D107 /* Resources */ = {
			isa = PBXGroup;
			children = (
				9822F5F485DEE7A633E81FD9 /* Assets.xcassets */,
			);
			path = Resources;
			sourceTree = "<group>";
		};
		3A516522EF9C71717A24A516 /* Models */ = {
			isa = PBXGroup;
			children = (
				4C9BA1D9CCFD148BB268BCED /* UsageData.swift */,
			);
			path = Models;
			sourceTree = "<group>";
		};
		6816B44349445E15C2710B8B /* ViewModels */ = {
			isa = PBXGroup;
			children = (
				CFC05F536332F93CECD941E9 /* UsageViewModel.swift */,
			);
			path = ViewModels;
			sourceTree = "<group>";
		};
		82F21374F255D30A8DB5D3E2 /* Products */ = {
			isa = PBXGroup;
			children = (
				933B5730DC2B67467CD8DEF4 /* MiniMaxBar.app */,
			);
			name = Products;
			sourceTree = "<group>";
		};
		909A28930138DB8720DCFDAC /* App */ = {
			isa = PBXGroup;
			children = (
				AF9B58FB30967FE6755B2110 /* AppDelegate.swift */,
				B2774C9D87F27454F58AA33D /* main.swift */,
			);
			path = App;
			sourceTree = "<group>";
		};
		AB2C75ADC8CC7525A62DFFDE /* Services */ = {
			isa = PBXGroup;
			children = (
				72564395C40F7134880B4952 /* ConfigService.swift */,
				FC067E4ECB394551BF3A7D81 /* MiniMaxAPIService.swift */,
			);
			path = Services;
			sourceTree = "<group>";
		};
		C7519ED2CECF8CB3D06569AD /* Views */ = {
			isa = PBXGroup;
			children = (
				DF42BE07546895634536AB76 /* PopoverContentView.swift */,
				F5B5C81B96DE090713FB96BC /* StatusBarView.swift */,
			);
			path = Views;
			sourceTree = "<group>";
		};
		D80EEEC4EB5ED576F0E3030E /* StatusBar */ = {
			isa = PBXGroup;
			children = (
				36CE95E9B407987099519275 /* StatusBarController.swift */,
			);
			path = StatusBar;
			sourceTree = "<group>";
		};
/* End PBXGroup section */

/* Begin PBXNativeTarget section */
		0A2CCD337F8F760A794B5361 /* MiniMaxBar */ = {
			isa = PBXNativeTarget;
			buildConfigurationList = FEBD1074147212EC5410B88C /* Build configuration list for PBXNativeTarget "MiniMaxBar" */;
			buildPhases = (
				847F40C61A1CEAA678A0399B /* Sources */,
				3AA9456D6701AA1D94C21661 /* Resources */,
			);
			buildRules = (
			);
			dependencies = (
			);
			name = MiniMaxBar;
			packageProductDependencies = (
			);
			productName = MiniMaxBar;
			productReference = 933B5730DC2B67467CD8DEF4 /* MiniMaxBar.app */;
			productType = "com.apple.product-type.application";
		};
/* End PBXNativeTarget section */

/* Begin PBXProject section */
		C8DCF989720B7EBB67BEE469 /* Project object */ = {
			isa = PBXProject;
			attributes = {
				BuildIndependentTargetsInParallel = YES;
				LastUpgradeCheck = 1430;
				TargetAttributes = {
				};
			};
			buildConfigurationList = 6F3AE26472882A52ABCD550B /* Build configuration list for PBXProject "MiniMaxBar" */;
			developmentRegion = en;
			hasScannedForEncodings = 0;
			knownRegions = (
				Base,
				en,
			);
			mainGroup = 077D11ACDEA708FCE324D031;
			minimizedProjectReferenceProxies = 1;
			preferredProjectObjectVersion = 77;
			productRefGroup = 82F21374F255D30A8DB5D3E2 /* Products */;
			projectDirPath = "";
			projectRoot = "";
			targets = (
				0A2CCD337F8F760A794B5361 /* MiniMaxBar */,
			);
		};
/* End PBXProject section */

/* Begin PBXResourcesBuildPhase section */
		3AA9456D6701AA1D94C21661 /* Resources */ = {
			isa = PBXResourcesBuildPhase;
			buildActionMask = 2147483647;
			files = (
				8A82AE2ACB637FFB8F21517F /* Assets.xcassets in Resources */,
			);
			runOnlyForDeploymentPostprocessing = 0;
		};
/* End PBXResourcesBuildPhase section */

/* Begin PBXSourcesBuildPhase section */
		847F40C61A1CEAA678A0399B /* Sources */ = {
			isa = PBXSourcesBuildPhase;
			buildActionMask = 2147483647;
			files = (
				8886DD2876982EA364CCA4EC /* AppDelegate.swift in Sources */,
				183855E1E92187B546181890 /* ConfigService.swift in Sources */,
				F56BAE663774DAE7DCED3498 /* MiniMaxAPIService.swift in Sources */,
				1681FB3615CDA5A2AE1B6974 /* PopoverContentView.swift in Sources */,
				5B43B7BF8E58115C586CCC98 /* StatusBarController.swift in Sources */,
				E75F248FA702D76BDBA0633A /* StatusBarView.swift in Sources */,
				00204F62F033EC92F7882E2A /* UsageData.swift in Sources */,
				7E0BC1CF9AA16D75CE3F9F8B /* UsageViewModel.swift in Sources */,
				C7346CF0E915F06BCF44CAA8 /* main.swift in Sources */,
			);
			runOnlyForDeploymentPostprocessing = 0;
		};
/* End PBXSourcesBuildPhase section */

/* Begin XCBuildConfiguration section */
		010FCB9E1AB651FF1801EAAE /* Release */ = {
			isa = XCBuildConfiguration;
			buildSettings = {
				ALWAYS_SEARCH_USER_PATHS = NO;
				CLANG_ANALYZER_NONNULL = YES;
				CLANG_ANALYZER_NUMBER_OBJECT_CONVERSION = YES_AGGRESSIVE;
				CLANG_CXX_LANGUAGE_STANDARD = "gnu++14";
				CLANG_CXX_LIBRARY = "libc++";
				CLANG_ENABLE_MODULES = YES;
				CLANG_ENABLE_OBJC_ARC = YES;
				CLANG_ENABLE_OBJC_WEAK = YES;
				CLANG_WARN_BLOCK_CAPTURE_AUTORELEASING = YES;
				CLANG_WARN_BOOL_CONVERSION = YES;
				CLANG_WARN_COMMA = YES;
				CLANG_WARN_CONSTANT_CONVERSION = YES;
				CLANG_WARN_DEPRECATED_OBJC_IMPLEMENTATIONS = YES;
				CLANG_WARN_DIRECT_OBJC_ISA_USAGE = YES_ERROR;
				CLANG_WARN_DOCUMENTATION_COMMENTS = YES;
				CLANG_WARN_EMPTY_BODY = YES;
				CLANG_WARN_ENUM_CONVERSION = YES;
				CLANG_WARN_INFINITE_RECURSION = YES;
				CLANG_WARN_INT_CONVERSION = YES;
				CLANG_WARN_NON_LITERAL_NULL_CONVERSION = YES;
				CLANG_WARN_OBJC_IMPLICIT_RETAIN_SELF = YES;
				CLANG_WARN_OBJC_LITERAL_CONVERSION = YES;
				CLANG_WARN_OBJC_ROOT_CLASS = YES_ERROR;
				CLANG_WARN_QUOTED_INCLUDE_IN_FRAMEWORK_HEADER = YES;
				CLANG_WARN_RANGE_LOOP_ANALYSIS = YES;
				CLANG_WARN_STRICT_PROTOTYPES = YES;
				CLANG_WARN_SUSPICIOUS_MOVE = YES;
				CLANG_WARN_UNGUARDED_AVAILABILITY = YES_AGGRESSIVE;
				CLANG_WARN_UNREACHABLE_CODE = YES;
				CLANG_WARN__DUPLICATE_METHOD_MATCH = YES;
				CODE_SIGNING_REQUIRED = NO;
				CODE_SIGN_ENTITLEMENTS = "";
				CODE_SIGN_IDENTITY = "-";
				COPY_PHASE_STRIP = NO;
				DEBUG_INFORMATION_FORMAT = "dwarf-with-dsym";
				ENABLE_NS_ASSERTIONS = NO;
				ENABLE_STRICT_OBJC_MSGSEND = YES;
				GCC_C_LANGUAGE_STANDARD = gnu11;
				GCC_NO_COMMON_BLOCKS = YES;
				GCC_WARN_64_TO_32_BIT_CONVERSION = YES;
				GCC_WARN_ABOUT_RETURN_TYPE = YES_ERROR;
				GCC_WARN_UNDECLARED_SELECTOR = YES;
				GCC_WARN_UNINITIALIZED_AUTOS = YES_AGGRESSIVE;
				GCC_WARN_UNUSED_FUNCTION = YES;
				GCC_WARN_UNUSED_VARIABLE = YES;
				MACOSX_DEPLOYMENT_TARGET = 14.0;
				MTL_ENABLE_DEBUG_INFO = NO;
				MTL_FAST_MATH = YES;
				PRODUCT_NAME = "$(TARGET_NAME)";
				SDKROOT = macosx;
				SWIFT_COMPILATION_MODE = wholemodule;
				SWIFT_OPTIMIZATION_LEVEL = "-O";
				SWIFT_VERSION = 5.9;
			};
			name = Release;
		};
		4FC0FF74DAACDCB9953C6528 /* Release */ = {
			isa = XCBuildConfiguration;
			buildSettings = {
				ASSETCATALOG_COMPILER_APPICON_NAME = AppIcon;
				COMBINE_HIDPI_IMAGES = YES;
				GENERATE_INFOPLIST_FILE = YES;
				INFOPLIST_GENERATION_MODE = GeneratedFile;
				INFOPLIST_KEY_CFBASEDisplayName = MiniMaxBar;
				INFOPLIST_KEY_LSApplicationCategoryType = "public.app-category.utilities";
				INFOPLIST_KEY_LSUIElement = YES;
				LD_RUNPATH_SEARCH_PATHS = (
					"$(inherited)",
					"@executable_path/../Frameworks",
				);
				PRODUCT_BUNDLE_IDENTIFIER = com.minimax.statusbar;
				SDKROOT = macosx;
			};
			name = Release;
		};
		6B2CBCD6239F710D9D84BCF5 /* Debug */ = {
			isa = XCBuildConfiguration;
			buildSettings = {
				ASSETCATALOG_COMPILER_APPICON_NAME = AppIcon;
				COMBINE_HIDPI_IMAGES = YES;
				GENERATE_INFOPLIST_FILE = YES;
				INFOPLIST_GENERATION_MODE = GeneratedFile;
				INFOPLIST_KEY_CFBASEDisplayName = MiniMaxBar;
				INFOPLIST_KEY_LSApplicationCategoryType = "public.app-category.utilities";
				INFOPLIST_KEY_LSUIElement = YES;
				LD_RUNPATH_SEARCH_PATHS = (
					"$(inherited)",
					"@executable_path/../Frameworks",
				);
				PRODUCT_BUNDLE_IDENTIFIER = com.minimax.statusbar;
				SDKROOT = macosx;
			};
			name = Debug;
		};
		D97D804D59C90773569D962C /* Debug */ = {
			isa = XCBuildConfiguration;
			buildSettings = {
				ALWAYS_SEARCH_USER_PATHS = NO;
				CLANG_ANALYZER_NONNULL = YES;
				CLANG_ANALYZER_NUMBER_OBJECT_CONVERSION = YES_AGGRESSIVE;
				CLANG_CXX_LANGUAGE_STANDARD = "gnu++14";
				CLANG_CXX_LIBRARY = "libc++";
				CLANG_ENABLE_MODULES = YES;
				CLANG_ENABLE_OBJC_ARC = YES;
				CLANG_ENABLE_OBJC_WEAK = YES;
				CLANG_WARN_BLOCK_CAPTURE_AUTORELEASING = YES;
				CLANG_WARN_BOOL_CONVERSION = YES;
				CLANG_WARN_COMMA = YES;
				CLANG_WARN_CONSTANT_CONVERSION = YES;
				CLANG_WARN_DEPRECATED_OBJC_IMPLEMENTATIONS = YES;
				CLANG_WARN_DIRECT_OBJC_ISA_USAGE = YES_ERROR;
				CLANG_WARN_DOCUMENTATION_COMMENTS = YES;
				CLANG_WARN_EMPTY_BODY = YES;
				CLANG_WARN_ENUM_CONVERSION = YES;
				CLANG_WARN_INFINITE_RECURSION = YES;
				CLANG_WARN_INT_CONVERSION = YES;
				CLANG_WARN_NON_LITERAL_NULL_CONVERSION = YES;
				CLANG_WARN_OBJC_IMPLICIT_RETAIN_SELF = YES;
				CLANG_WARN_OBJC_LITERAL_CONVERSION = YES;
				CLANG_WARN_OBJC_ROOT_CLASS = YES_ERROR;
				CLANG_WARN_QUOTED_INCLUDE_IN_FRAMEWORK_HEADER = YES;
				CLANG_WARN_RANGE_LOOP_ANALYSIS = YES;
				CLANG_WARN_STRICT_PROTOTYPES = YES;
				CLANG_WARN_SUSPICIOUS_MOVE = YES;
				CLANG_WARN_UNGUARDED_AVAILABILITY = YES_AGGRESSIVE;
				CLANG_WARN_UNREACHABLE_CODE = YES;
				CLANG_WARN__DUPLICATE_METHOD_MATCH = YES;
				CODE_SIGNING_REQUIRED = NO;
				CODE_SIGN_ENTITLEMENTS = "";
				CODE_SIGN_IDENTITY = "-";
				COPY_PHASE_STRIP = NO;
				DEBUG_INFORMATION_FORMAT = dwarf;
				ENABLE_STRICT_OBJC_MSGSEND = YES;
				ENABLE_TESTABILITY = YES;
				GCC_C_LANGUAGE_STANDARD = gnu11;
				GCC_DYNAMIC_NO_PIC = NO;
				GCC_NO_COMMON_BLOCKS = YES;
				GCC_OPTIMIZATION_LEVEL = 0;
				GCC_PREPROCESSOR_DEFINITIONS = (
					"$(inherited)",
					"DEBUG=1",
				);
				GCC_WARN_64_TO_32_BIT_CONVERSION = YES;
				GCC_WARN_ABOUT_RETURN_TYPE = YES_ERROR;
				GCC_WARN_UNDECLARED_SELECTOR = YES;
				GCC_WARN_UNINITIALIZED_AUTOS = YES_AGGRESSIVE;
				GCC_WARN_UNUSED_FUNCTION = YES;
				GCC_WARN_UNUSED_VARIABLE = YES;
				MACOSX_DEPLOYMENT_TARGET = 14.0;
				MTL_ENABLE_DEBUG_INFO = INCLUDE_SOURCE;
				MTL_FAST_MATH = YES;
				ONLY_ACTIVE_ARCH = YES;
				PRODUCT_NAME = "$(TARGET_NAME)";
				SDKROOT = macosx;
				SWIFT_ACTIVE_COMPILATION_CONDITIONS = DEBUG;
				SWIFT_OPTIMIZATION_LEVEL = "-Onone";
				SWIFT_VERSION = 5.9;
			};
			name = Debug;
		};
/* End XCBuildConfiguration section */

/* Begin XCConfigurationList section */
		6F3AE26472882A52ABCD550B /* Build configuration list for PBXProject "MiniMaxBar" */ = {
			isa = XCConfigurationList;
			buildConfigurations = (
				D97D804D59C90773569D962C /* Debug */,
				010FCB9E1AB651FF1801EAAE /* Release */,
			);
			defaultConfigurationIsVisible = 0;
			defaultConfigurationName = Debug;
		};
		FEBD1074147212EC5410B88C /* Build configuration list for PBXNativeTarget "MiniMaxBar" */ = {
			isa = XCConfigurationList;
			buildConfigurations = (
				6B2CBCD6239F710D9D84BCF5 /* Debug */,
				4FC0FF74DAACDCB9953C6528 /* Release */,
			);
			defaultConfigurationIsVisible = 0;
			defaultConfigurationName = Debug;
		};
/* End XCConfigurationList section */
	};
	rootObject = C8DCF989720B7EBB67BEE469 /* Project object */;
}
