// !$*UTF8*$!
{
	archiveVersion = 1;
	classes = {
	};
	objectVersion = 77;
	objects = {

/* Begin PBXBuildFile section */
		0830738F155D64BF79644BF6 /* PlatformProtocol.swift in Sources */ = {isa = PBXBuildFile; fileRef = DCB26616C0F1BADA2D87E7DF /* PlatformProtocol.swift */; };
		09DE0A4E83EE55A3973A2EEE /* zh-Hans.json in Resources */ = {isa = PBXBuildFile; fileRef = C3D6110CE61D40E23750506A /* zh-Hans.json */; };
		0A9D005C4E896E7714D67E06 /* PlatformManagerTests.swift in Sources */ = {isa = PBXBuildFile; fileRef = 5BB916B2998C2012BA6EADBB /* PlatformManagerTests.swift */; };
		245787B66A41C1D181A128AD /* PlatformConfigStoreTests.swift in Sources */ = {isa = PBXBuildFile; fileRef = CBF1F6C5B840A8F57937FB62 /* PlatformConfigStoreTests.swift */; };
		286B650AF2B3E06BD1FE0564 /* StatusBarController.swift in Sources */ = {isa = PBXBuildFile; fileRef = 87040E0E77306174FBBAFAD7 /* StatusBarController.swift */; };
		390B4A2DB3B81DDFF33ABFEE /* DeepSeekPlatformService.swift in Sources */ = {isa = PBXBuildFile; fileRef = 19CDAFF6598B35EC35C1DDFF /* DeepSeekPlatformService.swift */; };
		3CE51A3227920DC4144E0779 /* MiniMaxPlatformService.swift in Sources */ = {isa = PBXBuildFile; fileRef = C6140B1E5502E97334482525 /* MiniMaxPlatformService.swift */; };
		4829777107612D95B4C5D1AB /* minimax.template.json in Resources */ = {isa = PBXBuildFile; fileRef = D1523BB7CFFA93A23C2E5255 /* minimax.template.json */; };
		4DB1DF529289B8DBDF257AE9 /* PlatformManager.swift in Sources */ = {isa = PBXBuildFile; fileRef = BB4B6D4FA1AF9EBF97D498AB /* PlatformManager.swift */; };
		528533B2A9783AA2ABB08C70 /* PopoverContentView.swift in Sources */ = {isa = PBXBuildFile; fileRef = E80DA8CFB7E9C241AD219562 /* PopoverContentView.swift */; };
		54BFA213CB9610762A290F97 /* UsageViewModel.swift in Sources */ = {isa = PBXBuildFile; fileRef = 54F707908F549D97E91C0D89 /* UsageViewModel.swift */; };
		5CC36C0C1224BF8DB914F58A /* MiniMaxPlatformTests.swift in Sources */ = {isa = PBXBuildFile; fileRef = 461D8DA7BA33380DCA31CC85 /* MiniMaxPlatformTests.swift */; };
		6E82944C17CFD42735A25695 /* en.json in Resources */ = {isa = PBXBuildFile; fileRef = 500D72728EF127CFEDC9A0E3 /* en.json */; };
		74D243841302B7F106BDF193 /* ConfigService.swift in Sources */ = {isa = PBXBuildFile; fileRef = FDC2FFB66817AEC87DEBB728 /* ConfigService.swift */; };
		78D7282D1A475912AEA9872F /* DeepSeekPlatformTests.swift in Sources */ = {isa = PBXBuildFile; fileRef = 0CA7CB712CC5850919F63BC9 /* DeepSeekPlatformTests.swift */; };
		79B59D2C882BE0FA365BFC15 /* ConfigServiceTests.swift in Sources */ = {isa = PBXBuildFile; fileRef = E1CA695A75E4A2B83000DEE7 /* ConfigServiceTests.swift */; };
		7CC26FD2DFF8F211D875ED10 /* StatusBarView.swift in Sources */ = {isa = PBXBuildFile; fileRef = D58F35EDD13891BABB0C0D4F /* StatusBarView.swift */; };
		8B88DDA00837F10D93988E26 /* MockNetworkService.swift in Sources */ = {isa = PBXBuildFile; fileRef = 871B90D9020D8B1BF2C4F92D /* MockNetworkService.swift */; };
		8E87FE4B069D5B15C2F120F4 /* Sparkle in Frameworks */ = {isa = PBXBuildFile; productRef = 3CEF705F0367CC841193A983 /* Sparkle */; };
		9019EC379A8F43E20E746467 /* AppDelegate.swift in Sources */ = {isa = PBXBuildFile; fileRef = 8D418F181637F4FFA5F61CED /* AppDelegate.swift */; };
		95326385770795E98AD6631C /* PlatformConfigStore.swift in Sources */ = {isa = PBXBuildFile; fileRef = 4AB6045C58CB5CA7AAEA6BD9 /* PlatformConfigStore.swift */; };
		9D9E3BDD97F01C89DBBE262B /* PlatformProtocolTests.swift in Sources */ = {isa = PBXBuildFile; fileRef = 484CCC1601B73459C494F714 /* PlatformProtocolTests.swift */; };
		A53715929B172C96638F5B33 /* PasteableTextField.swift in Sources */ = {isa = PBXBuildFile; fileRef = 8DDAC5967C3A1DC80CCCDFBF /* PasteableTextField.swift */; };
		BA86B7C4A3722052BBA3E558 /* main.swift in Sources */ = {isa = PBXBuildFile; fileRef = 150DEDC5101B205458CA1070 /* main.swift */; };
		BB80559A03C3CF8288FB1658 /* Assets.xcassets in Resources */ = {isa = PBXBuildFile; fileRef = 5E2D62580F10C749661E6DF2 /* Assets.xcassets */; };
		CFB0B5E91AF4A7A8EE66048C /* UpdateService.swift in Sources */ = {isa = PBXBuildFile; fileRef = 1726E030B39526410E23DA72 /* UpdateService.swift */; };
		DA3A510398D5A2CB9E26D7CD /* I18nService.swift in Sources */ = {isa = PBXBuildFile; fileRef = F079A055DFB0B0E297556514 /* I18nService.swift */; };
		DF86768F82AEDF951663F51B /* MiniMaxAPIService.swift in Sources */ = {isa = PBXBuildFile; fileRef = 520CADEAEBA259864BFD13DC /* MiniMaxAPIService.swift */; };
		E5050BAEDEF2C9B56C26D28E /* RightClickStatusBarView.swift in Sources */ = {isa = PBXBuildFile; fileRef = D62F92C3418F4C7EB016A7BF /* RightClickStatusBarView.swift */; };
		E754BF578AB40ACFF9A0DF89 /* deepseek.template.json in Resources */ = {isa = PBXBuildFile; fileRef = D1DC839408233A8D40A6E3D4 /* deepseek.template.json */; };
		ED82774EB141967B065BC1EE /* UsageData.swift in Sources */ = {isa = PBXBuildFile; fileRef = 24CB46AC7AC6D27E4E57ACFB /* UsageData.swift */; };
/* End PBXBuildFile section */

/* Begin PBXContainerItemProxy section */
		B7245F53221D1D1CC4DFF874 /* PBXContainerItemProxy */ = {
			isa = PBXContainerItemProxy;
			containerPortal = F940659A562114A0051C638F /* Project object */;
			proxyType = 1;
			remoteGlobalIDString = 6B6343EC85B55B73E8280213;
			remoteInfo = "minimax-bar";
		};
/* End PBXContainerItemProxy section */

/* Begin PBXFileReference section */
		0CA7CB712CC5850919F63BC9 /* DeepSeekPlatformTests.swift */ = {isa = PBXFileReference; lastKnownFileType = sourcecode.swift; path = DeepSeekPlatformTests.swift; sourceTree = "<group>"; };
		150DEDC5101B205458CA1070 /* main.swift */ = {isa = PBXFileReference; lastKnownFileType = sourcecode.swift; path = main.swift; sourceTree = "<group>"; };
		1726E030B39526410E23DA72 /* UpdateService.swift */ = {isa = PBXFileReference; lastKnownFileType = sourcecode.swift; path = UpdateService.swift; sourceTree = "<group>"; };
		19CDAFF6598B35EC35C1DDFF /* DeepSeekPlatformService.swift */ = {isa = PBXFileReference; lastKnownFileType = sourcecode.swift; path = DeepSeekPlatformService.swift; sourceTree = "<group>"; };
		24CB46AC7AC6D27E4E57ACFB /* UsageData.swift */ = {isa = PBXFileReference; lastKnownFileType = sourcecode.swift; path = UsageData.swift; sourceTree = "<group>"; };
		461D8DA7BA33380DCA31CC85 /* MiniMaxPlatformTests.swift */ = {isa = PBXFileReference; lastKnownFileType = sourcecode.swift; path = MiniMaxPlatformTests.swift; sourceTree = "<group>"; };
		484CCC1601B73459C494F714 /* PlatformProtocolTests.swift */ = {isa = PBXFileReference; lastKnownFileType = sourcecode.swift; path = PlatformProtocolTests.swift; sourceTree = "<group>"; };
		4AB6045C58CB5CA7AAEA6BD9 /* PlatformConfigStore.swift */ = {isa = PBXFileReference; lastKnownFileType = sourcecode.swift; path = PlatformConfigStore.swift; sourceTree = "<group>"; };
		500D72728EF127CFEDC9A0E3 /* en.json */ = {isa = PBXFileReference; lastKnownFileType = text.json; path = en.json; sourceTree = "<group>"; };
		520CADEAEBA259864BFD13DC /* MiniMaxAPIService.swift */ = {isa = PBXFileReference; lastKnownFileType = sourcecode.swift; path = MiniMaxAPIService.swift; sourceTree = "<group>"; };
		54F707908F549D97E91C0D89 /* UsageViewModel.swift */ = {isa = PBXFileReference; lastKnownFileType = sourcecode.swift; path = UsageViewModel.swift; sourceTree = "<group>"; };
		57E52796AA0B488125646BA7 /* Info.plist */ = {isa = PBXFileReference; lastKnownFileType = text.plist; path = Info.plist; sourceTree = "<group>"; };
		5BB916B2998C2012BA6EADBB /* PlatformManagerTests.swift */ = {isa = PBXFileReference; lastKnownFileType = sourcecode.swift; path = PlatformManagerTests.swift; sourceTree = "<group>"; };
		5E2D62580F10C749661E6DF2 /* Assets.xcassets */ = {isa = PBXFileReference; lastKnownFileType = folder.assetcatalog; path = Assets.xcassets; sourceTree = "<group>"; };
		62331448B3D71397B0C5AF5B /* minimax-bar.app */ = {isa = PBXFileReference; explicitFileType = wrapper.application; includeInIndex = 0; path = "minimax-bar.app"; sourceTree = BUILT_PRODUCTS_DIR; };
		87040E0E77306174FBBAFAD7 /* StatusBarController.swift */ = {isa = PBXFileReference; lastKnownFileType = sourcecode.swift; path = StatusBarController.swift; sourceTree = "<group>"; };
		871B90D9020D8B1BF2C4F92D /* MockNetworkService.swift */ = {isa = PBXFileReference; lastKnownFileType = sourcecode.swift; path = MockNetworkService.swift; sourceTree = "<group>"; };
		8D418F181637F4FFA5F61CED /* AppDelegate.swift */ = {isa = PBXFileReference; lastKnownFileType = sourcecode.swift; path = AppDelegate.swift; sourceTree = "<group>"; };
		8DDAC5967C3A1DC80CCCDFBF /* PasteableTextField.swift */ = {isa = PBXFileReference; lastKnownFileType = sourcecode.swift; path = PasteableTextField.swift; sourceTree = "<group>"; };
		BB4B6D4FA1AF9EBF97D498AB /* PlatformManager.swift */ = {isa = PBXFileReference; lastKnownFileType = sourcecode.swift; path = PlatformManager.swift; sourceTree = "<group>"; };
		C3D6110CE61D40E23750506A /* zh-Hans.json */ = {isa = PBXFileReference; lastKnownFileType = text.json; path = "zh-Hans.json"; sourceTree = "<group>"; };
		C6140B1E5502E97334482525 /* MiniMaxPlatformService.swift */ = {isa = PBXFileReference; lastKnownFileType = sourcecode.swift; path = MiniMaxPlatformService.swift; sourceTree = "<group>"; };
		CBF1F6C5B840A8F57937FB62 /* PlatformConfigStoreTests.swift */ = {isa = PBXFileReference; lastKnownFileType = sourcecode.swift; path = PlatformConfigStoreTests.swift; sourceTree = "<group>"; };
		D1523BB7CFFA93A23C2E5255 /* minimax.template.json */ = {isa = PBXFileReference; lastKnownFileType = text.json; path = minimax.template.json; sourceTree = "<group>"; };
		D1DC839408233A8D40A6E3D4 /* deepseek.template.json */ = {isa = PBXFileReference; lastKnownFileType = text.json; path = deepseek.template.json; sourceTree = "<group>"; };
		D58F35EDD13891BABB0C0D4F /* StatusBarView.swift */ = {isa = PBXFileReference; lastKnownFileType = sourcecode.swift; path = StatusBarView.swift; sourceTree = "<group>"; };
		D62F92C3418F4C7EB016A7BF /* RightClickStatusBarView.swift */ = {isa = PBXFileReference; lastKnownFileType = sourcecode.swift; path = RightClickStatusBarView.swift; sourceTree = "<group>"; };
		DCB26616C0F1BADA2D87E7DF /* PlatformProtocol.swift */ = {isa = PBXFileReference; lastKnownFileType = sourcecode.swift; path = PlatformProtocol.swift; sourceTree = "<group>"; };
		E1CA695A75E4A2B83000DEE7 /* ConfigServiceTests.swift */ = {isa = PBXFileReference; lastKnownFileType = sourcecode.swift; path = ConfigServiceTests.swift; sourceTree = "<group>"; };
		E80DA8CFB7E9C241AD219562 /* PopoverContentView.swift */ = {isa = PBXFileReference; lastKnownFileType = sourcecode.swift; path = PopoverContentView.swift; sourceTree = "<group>"; };
		F079A055DFB0B0E297556514 /* I18nService.swift */ = {isa = PBXFileReference; lastKnownFileType = sourcecode.swift; path = I18nService.swift; sourceTree = "<group>"; };
		FB7DDB1EF4C02C777E1709A8 /* minimax-bar-tests.xctest */ = {isa = PBXFileReference; explicitFileType = wrapper.cfbundle; includeInIndex = 0; path = "minimax-bar-tests.xctest"; sourceTree = BUILT_PRODUCTS_DIR; };
		FDC2FFB66817AEC87DEBB728 /* ConfigService.swift */ = {isa = PBXFileReference; lastKnownFileType = sourcecode.swift; path = ConfigService.swift; sourceTree = "<group>"; };
/* End PBXFileReference section */

/* Begin PBXFrameworksBuildPhase section */
		2C833FA0B7F53DCA6FA0E3EB /* Frameworks */ = {
			isa = PBXFrameworksBuildPhase;
			buildActionMask = 2147483647;
			files = (
				8E87FE4B069D5B15C2F120F4 /* Sparkle in Frameworks */,
			);
			runOnlyForDeploymentPostprocessing = 0;
		};
/* End PBXFrameworksBuildPhase section */

/* Begin PBXGroup section */
		0263BE36BCF9241DDB49D4B7 /* Resources */ = {
			isa = PBXGroup;
			children = (
				5E2D62580F10C749661E6DF2 /* Assets.xcassets */,
				500D72728EF127CFEDC9A0E3 /* en.json */,
				C3D6110CE61D40E23750506A /* zh-Hans.json */,
				384AFFFAB67F5DF9B7DEEBC1 /* ConfigTemplates */,
			);
			path = Resources;
			sourceTree = "<group>";
		};
		1F0020C795F35B365DB49525 /* Tests */ = {
			isa = PBXGroup;
			children = (
				B9235A019986000B555F13BC /* Mocks */,
				38BA26B0A94D40926CC08372 /* Models */,
				4FDFDBF580D73BDE4D01905D /* Platforms */,
				23A6CFE5CDC5E95E165EE303 /* Services */,
			);
			path = Tests;
			sourceTree = "<group>";
		};
		23A6CFE5CDC5E95E165EE303 /* Services */ = {
			isa = PBXGroup;
			children = (
				E1CA695A75E4A2B83000DEE7 /* ConfigServiceTests.swift */,
				CBF1F6C5B840A8F57937FB62 /* PlatformConfigStoreTests.swift */,
				5BB916B2998C2012BA6EADBB /* PlatformManagerTests.swift */,
			);
			path = Services;
			sourceTree = "<group>";
		};
		32A2440CB531A0C02174EF1E /* Products */ = {
			isa = PBXGroup;
			children = (
				FB7DDB1EF4C02C777E1709A8 /* minimax-bar-tests.xctest */,
				62331448B3D71397B0C5AF5B /* minimax-bar.app */,
			);
			name = Products;
			sourceTree = "<group>";
		};
		384AFFFAB67F5DF9B7DEEBC1 /* ConfigTemplates */ = {
			isa = PBXGroup;
			children = (
				D1DC839408233A8D40A6E3D4 /* deepseek.template.json */,
				D1523BB7CFFA93A23C2E5255 /* minimax.template.json */,
			);
			path = ConfigTemplates;
			sourceTree = "<group>";
		};
		38BA26B0A94D40926CC08372 /* Models */ = {
			isa = PBXGroup;
			children = (
				484CCC1601B73459C494F714 /* PlatformProtocolTests.swift */,
			);
			path = Models;
			sourceTree = "<group>";
		};
		4FDFDBF580D73BDE4D01905D /* Platforms */ = {
			isa = PBXGroup;
			children = (
				0CA7CB712CC5850919F63BC9 /* DeepSeekPlatformTests.swift */,
				461D8DA7BA33380DCA31CC85 /* MiniMaxPlatformTests.swift */,
			);
			path = Platforms;
			sourceTree = "<group>";
		};
		53D284EC157A6AD1C50426CA /* StatusBar */ = {
			isa = PBXGroup;
			children = (
				D62F92C3418F4C7EB016A7BF /* RightClickStatusBarView.swift */,
				87040E0E77306174FBBAFAD7 /* StatusBarController.swift */,
			);
			path = StatusBar;
			sourceTree = "<group>";
		};
		77D1DA1786D7F71E7B8CE1E8 /* App */ = {
			isa = PBXGroup;
			children = (
				8D418F181637F4FFA5F61CED /* AppDelegate.swift */,
				57E52796AA0B488125646BA7 /* Info.plist */,
				150DEDC5101B205458CA1070 /* main.swift */,
			);
			path = App;
			sourceTree = "<group>";
		};
		92F4121597D1495A00BEDB9C /* ViewModels */ = {
			isa = PBXGroup;
			children = (
				54F707908F549D97E91C0D89 /* UsageViewModel.swift */,
			);
			path = ViewModels;
			sourceTree = "<group>";
		};
		9413705FA33160FCFAB9B278 /* Views */ = {
			isa = PBXGroup;
			children = (
				8DDAC5967C3A1DC80CCCDFBF /* PasteableTextField.swift */,
				E80DA8CFB7E9C241AD219562 /* PopoverContentView.swift */,
				D58F35EDD13891BABB0C0D4F /* StatusBarView.swift */,
			);
			path = Views;
			sourceTree = "<group>";
		};
		A3B2D072B139114F3A4794E4 /* Platforms */ = {
			isa = PBXGroup;
			children = (
				4AB6045C58CB5CA7AAEA6BD9 /* PlatformConfigStore.swift */,
				BB4B6D4FA1AF9EBF97D498AB /* PlatformManager.swift */,
				C259BAE78712ADEDD25FC50C /* DeepSeekPlatform */,
				BF1CF5AFDE75563F51A46655 /* MiniMaxPlatform */,
			);
			path = Platforms;
			sourceTree = "<group>";
		};
		B2F50AD92A09169DF627F857 /* Models */ = {
			isa = PBXGroup;
			children = (
				DCB26616C0F1BADA2D87E7DF /* PlatformProtocol.swift */,
				24CB46AC7AC6D27E4E57ACFB /* UsageData.swift */,
			);
			path = Models;
			sourceTree = "<group>";
		};
		B9235A019986000B555F13BC /* Mocks */ = {
			isa = PBXGroup;
			children = (
				871B90D9020D8B1BF2C4F92D /* MockNetworkService.swift */,
			);
			path = Mocks;
			sourceTree = "<group>";
		};
		BF1CF5AFDE75563F51A46655 /* MiniMaxPlatform */ = {
			isa = PBXGroup;
			children = (
				C6140B1E5502E97334482525 /* MiniMaxPlatformService.swift */,
			);
			path = MiniMaxPlatform;
			sourceTree = "<group>";
		};
		C259BAE78712ADEDD25FC50C /* DeepSeekPlatform */ = {
			isa = PBXGroup;
			children = (
				19CDAFF6598B35EC35C1DDFF /* DeepSeekPlatformService.swift */,
			);
			path = DeepSeekPlatform;
			sourceTree = "<group>";
		};
		CF846DAFA276FC686D0234BE = {
			isa = PBXGroup;
			children = (
				77D1DA1786D7F71E7B8CE1E8 /* App */,
				B2F50AD92A09169DF627F857 /* Models */,
				0263BE36BCF9241DDB49D4B7 /* Resources */,
				D49FC450F02B5E4AC5941C33 /* Services */,
				53D284EC157A6AD1C50426CA /* StatusBar */,
				1F0020C795F35B365DB49525 /* Tests */,
				92F4121597D1495A00BEDB9C /* ViewModels */,
				9413705FA33160FCFAB9B278 /* Views */,
				32A2440CB531A0C02174EF1E /* Products */,
			);
			sourceTree = "<group>";
		};
		D49FC450F02B5E4AC5941C33 /* Services */ = {
			isa = PBXGroup;
			children = (
				FDC2FFB66817AEC87DEBB728 /* ConfigService.swift */,
				F079A055DFB0B0E297556514 /* I18nService.swift */,
				520CADEAEBA259864BFD13DC /* MiniMaxAPIService.swift */,
				1726E030B39526410E23DA72 /* UpdateService.swift */,
				A3B2D072B139114F3A4794E4 /* Platforms */,
			);
			path = Services;
			sourceTree = "<group>";
		};
/* End PBXGroup section */

/* Begin PBXNativeTarget section */
		6B6343EC85B55B73E8280213 /* minimax-bar */ = {
			isa = PBXNativeTarget;
			buildConfigurationList = 92EEAEF19EDEC5741C6C202F /* Build configuration list for PBXNativeTarget "minimax-bar" */;
			buildPhases = (
				3BF40F32B08F6F28645F2FCE /* Sources */,
				04D9B9666A20569C63BD2A5F /* Resources */,
				2C833FA0B7F53DCA6FA0E3EB /* Frameworks */,
			);
			buildRules = (
			);
			dependencies = (
			);
			name = "minimax-bar";
			packageProductDependencies = (
				3CEF705F0367CC841193A983 /* Sparkle */,
			);
			productName = "minimax-bar";
			productReference = 62331448B3D71397B0C5AF5B /* minimax-bar.app */;
			productType = "com.apple.product-type.application";
		};
		79724BCFA1A70B2DDAAA60C0 /* minimax-bar-tests */ = {
			isa = PBXNativeTarget;
			buildConfigurationList = 4873EAA054CA3ACE60FA7833 /* Build configuration list for PBXNativeTarget "minimax-bar-tests" */;
			buildPhases = (
				C9B1B3CFA04596B4293074D3 /* Sources */,
			);
			buildRules = (
			);
			dependencies = (
				F0E3DC474708B834FFDECA1F /* PBXTargetDependency */,
			);
			name = "minimax-bar-tests";
			packageProductDependencies = (
			);
			productName = "minimax-bar-tests";
			productReference = FB7DDB1EF4C02C777E1709A8 /* minimax-bar-tests.xctest */;
			productType = "com.apple.product-type.bundle.unit-test";
		};
/* End PBXNativeTarget section */

/* Begin PBXProject section */
		F940659A562114A0051C638F /* Project object */ = {
			isa = PBXProject;
			attributes = {
				BuildIndependentTargetsInParallel = YES;
				LastUpgradeCheck = 1430;
				TargetAttributes = {
				};
			};
			buildConfigurationList = E9411F7419664EC05B3551F0 /* Build configuration list for PBXProject "minimax-bar" */;
			developmentRegion = en;
			hasScannedForEncodings = 0;
			knownRegions = (
				Base,
				en,
			);
			mainGroup = CF846DAFA276FC686D0234BE;
			minimizedProjectReferenceProxies = 1;
			packageReferences = (
				A44AFC8EA802AA444E86B73A /* XCRemoteSwiftPackageReference "Sparkle" */,
			);
			preferredProjectObjectVersion = 77;
			productRefGroup = 32A2440CB531A0C02174EF1E /* Products */;
			projectDirPath = "";
			projectRoot = "";
			targets = (
				6B6343EC85B55B73E8280213 /* minimax-bar */,
				79724BCFA1A70B2DDAAA60C0 /* minimax-bar-tests */,
			);
		};
/* End PBXProject section */

/* Begin PBXResourcesBuildPhase section */
		04D9B9666A20569C63BD2A5F /* Resources */ = {
			isa = PBXResourcesBuildPhase;
			buildActionMask = 2147483647;
			files = (
				BB80559A03C3CF8288FB1658 /* Assets.xcassets in Resources */,
				E754BF578AB40ACFF9A0DF89 /* deepseek.template.json in Resources */,
				6E82944C17CFD42735A25695 /* en.json in Resources */,
				4829777107612D95B4C5D1AB /* minimax.template.json in Resources */,
				09DE0A4E83EE55A3973A2EEE /* zh-Hans.json in Resources */,
			);
			runOnlyForDeploymentPostprocessing = 0;
		};
/* End PBXResourcesBuildPhase section */

/* Begin PBXSourcesBuildPhase section */
		3BF40F32B08F6F28645F2FCE /* Sources */ = {
			isa = PBXSourcesBuildPhase;
			buildActionMask = 2147483647;
			files = (
				9019EC379A8F43E20E746467 /* AppDelegate.swift in Sources */,
				74D243841302B7F106BDF193 /* ConfigService.swift in Sources */,
				390B4A2DB3B81DDFF33ABFEE /* DeepSeekPlatformService.swift in Sources */,
				DA3A510398D5A2CB9E26D7CD /* I18nService.swift in Sources */,
				DF86768F82AEDF951663F51B /* MiniMaxAPIService.swift in Sources */,
				3CE51A3227920DC4144E0779 /* MiniMaxPlatformService.swift in Sources */,
				A53715929B172C96638F5B33 /* PasteableTextField.swift in Sources */,
				95326385770795E98AD6631C /* PlatformConfigStore.swift in Sources */,
				4DB1DF529289B8DBDF257AE9 /* PlatformManager.swift in Sources */,
				0830738F155D64BF79644BF6 /* PlatformProtocol.swift in Sources */,
				528533B2A9783AA2ABB08C70 /* PopoverContentView.swift in Sources */,
				E5050BAEDEF2C9B56C26D28E /* RightClickStatusBarView.swift in Sources */,
				286B650AF2B3E06BD1FE0564 /* StatusBarController.swift in Sources */,
				7CC26FD2DFF8F211D875ED10 /* StatusBarView.swift in Sources */,
				CFB0B5E91AF4A7A8EE66048C /* UpdateService.swift in Sources */,
				ED82774EB141967B065BC1EE /* UsageData.swift in Sources */,
				54BFA213CB9610762A290F97 /* UsageViewModel.swift in Sources */,
				BA86B7C4A3722052BBA3E558 /* main.swift in Sources */,
			);
			runOnlyForDeploymentPostprocessing = 0;
		};
		C9B1B3CFA04596B4293074D3 /* Sources */ = {
			isa = PBXSourcesBuildPhase;
			buildActionMask = 2147483647;
			files = (
				79B59D2C882BE0FA365BFC15 /* ConfigServiceTests.swift in Sources */,
				78D7282D1A475912AEA9872F /* DeepSeekPlatformTests.swift in Sources */,
				5CC36C0C1224BF8DB914F58A /* MiniMaxPlatformTests.swift in Sources */,
				8B88DDA00837F10D93988E26 /* MockNetworkService.swift in Sources */,
				245787B66A41C1D181A128AD /* PlatformConfigStoreTests.swift in Sources */,
				0A9D005C4E896E7714D67E06 /* PlatformManagerTests.swift in Sources */,
				9D9E3BDD97F01C89DBBE262B /* PlatformProtocolTests.swift in Sources */,
			);
			runOnlyForDeploymentPostprocessing = 0;
		};
/* End PBXSourcesBuildPhase section */

/* Begin PBXTargetDependency section */
		F0E3DC474708B834FFDECA1F /* PBXTargetDependency */ = {
			isa = PBXTargetDependency;
			target = 6B6343EC85B55B73E8280213 /* minimax-bar */;
			targetProxy = B7245F53221D1D1CC4DFF874 /* PBXContainerItemProxy */;
		};
/* End PBXTargetDependency section */

/* Begin XCBuildConfiguration section */
		34A1503FC8DF2684CBAB0C31 /* Debug */ = {
			isa = XCBuildConfiguration;
			buildSettings = {
				ASSETCATALOG_COMPILER_APPICON_NAME = AppIcon;
				COMBINE_HIDPI_IMAGES = YES;
				CURRENT_PROJECT_VERSION = 3;
				GENERATE_INFOPLIST_FILE = NO;
				INFOPLIST_FILE = App/Info.plist;
				LD_RUNPATH_SEARCH_PATHS = (
					"$(inherited)",
					"@executable_path/../Frameworks",
				);
				MARKETING_VERSION = 1.0.2;
				PRODUCT_BUNDLE_IDENTIFIER = com.minimax.statusbar;
				PRODUCT_NAME = MiniMaxBar;
				SDKROOT = macosx;
				SUPublicEDKey = "8n6qpNCw5nnChaXomz88SKWPaYUXfvSo8P9fMpq/6hs=";
			};
			name = Debug;
		};
		6F30437632D57DBCB45F4FA7 /* Release */ = {
			isa = XCBuildConfiguration;
			buildSettings = {
				BUNDLE_LOADER = "$(TEST_HOST)";
				CODE_SIGNING_REQUIRED = NO;
				CODE_SIGN_IDENTITY = "-";
				COMBINE_HIDPI_IMAGES = YES;
				GENERATE_INFOPLIST_FILE = YES;
				LD_RUNPATH_SEARCH_PATHS = (
					"$(inherited)",
					"@executable_path/../Frameworks",
					"@loader_path/../Frameworks",
				);
				MODULE_NAME = minimax_bar_tests;
				PRODUCT_BUNDLE_IDENTIFIER = com.minimax.statusbar.tests;
				SDKROOT = macosx;
				TEST_HOST = "$(BUILT_PRODUCTS_DIR)/MiniMaxBar.app/Contents/MacOS/MiniMaxBar";
			};
			name = Release;
		};
		7A2BA2F019D6C241C2E9D897 /* Release */ = {
			isa = XCBuildConfiguration;
			buildSettings = {
				ALWAYS_SEARCH_USER_PATHS = NO;
				CLANG_ANALYZER_NONNULL = YES;
				CLANG_ANALYZER_NUMBER_OBJECT_CONVERSION = YES_AGGRESSIVE;
				CLANG_CXX_LANGUAGE_STANDARD = "gnu++14";
				CLANG_CXX_LIBRARY = "libc++";
				CLANG_ENABLE_MODULES = YES;
				CLANG_ENABLE_OBJC_ARC = YES;
				CLANG_ENABLE_OBJC_WEAK = YES;
				CLANG_WARN_BLOCK_CAPTURE_AUTORELEASING = YES;
				CLANG_WARN_BOOL_CONVERSION = YES;
				CLANG_WARN_COMMA = YES;
				CLANG_WARN_CONSTANT_CONVERSION = YES;
				CLANG_WARN_DEPRECATED_OBJC_IMPLEMENTATIONS = YES;
				CLANG_WARN_DIRECT_OBJC_ISA_USAGE = YES_ERROR;
				CLANG_WARN_DOCUMENTATION_COMMENTS = YES;
				CLANG_WARN_EMPTY_BODY = YES;
				CLANG_WARN_ENUM_CONVERSION = YES;
				CLANG_WARN_INFINITE_RECURSION = YES;
				CLANG_WARN_INT_CONVERSION = YES;
				CLANG_WARN_NON_LITERAL_NULL_CONVERSION = YES;
				CLANG_WARN_OBJC_IMPLICIT_RETAIN_SELF = YES;
				CLANG_WARN_OBJC_LITERAL_CONVERSION = YES;
				CLANG_WARN_OBJC_ROOT_CLASS = YES_ERROR;
				CLANG_WARN_QUOTED_INCLUDE_IN_FRAMEWORK_HEADER = YES;
				CLANG_WARN_RANGE_LOOP_ANALYSIS = YES;
				CLANG_WARN_STRICT_PROTOTYPES = YES;
				CLANG_WARN_SUSPICIOUS_MOVE = YES;
				CLANG_WARN_UNGUARDED_AVAILABILITY = YES_AGGRESSIVE;
				CLANG_WARN_UNREACHABLE_CODE = YES;
				CLANG_WARN__DUPLICATE_METHOD_MATCH = YES;
				CODE_SIGNING_REQUIRED = NO;
				CODE_SIGN_ENTITLEMENTS = "";
				CODE_SIGN_IDENTITY = "-";
				COPY_PHASE_STRIP = NO;
				DEBUG_INFORMATION_FORMAT = "dwarf-with-dsym";
				ENABLE_NS_ASSERTIONS = NO;
				ENABLE_STRICT_OBJC_MSGSEND = YES;
				GCC_C_LANGUAGE_STANDARD = gnu11;
				GCC_NO_COMMON_BLOCKS = YES;
				GCC_WARN_64_TO_32_BIT_CONVERSION = YES;
				GCC_WARN_ABOUT_RETURN_TYPE = YES_ERROR;
				GCC_WARN_UNDECLARED_SELECTOR = YES;
				GCC_WARN_UNINITIALIZED_AUTOS = YES_AGGRESSIVE;
				GCC_WARN_UNUSED_FUNCTION = YES;
				GCC_WARN_UNUSED_VARIABLE = YES;
				MACOSX_DEPLOYMENT_TARGET = 14.0;
				MTL_ENABLE_DEBUG_INFO = NO;
				MTL_FAST_MATH = YES;
				PRODUCT_NAME = "$(TARGET_NAME)";
				SDKROOT = macosx;
				SWIFT_COMPILATION_MODE = wholemodule;
				SWIFT_OPTIMIZATION_LEVEL = "-O";
				SWIFT_VERSION = 5.9;
			};
			name = Release;
		};
		ADA3983FF48F351626497DBC /* Debug */ = {
			isa = XCBuildConfiguration;
			buildSettings = {
				ALWAYS_SEARCH_USER_PATHS = NO;
				CLANG_ANALYZER_NONNULL = YES;
				CLANG_ANALYZER_NUMBER_OBJECT_CONVERSION = YES_AGGRESSIVE;
				CLANG_CXX_LANGUAGE_STANDARD = "gnu++14";
				CLANG_CXX_LIBRARY = "libc++";
				CLANG_ENABLE_MODULES = YES;
				CLANG_ENABLE_OBJC_ARC = YES;
				CLANG_ENABLE_OBJC_WEAK = YES;
				CLANG_WARN_BLOCK_CAPTURE_AUTORELEASING = YES;
				CLANG_WARN_BOOL_CONVERSION = YES;
				CLANG_WARN_COMMA = YES;
				CLANG_WARN_CONSTANT_CONVERSION = YES;
				CLANG_WARN_DEPRECATED_OBJC_IMPLEMENTATIONS = YES;
				CLANG_WARN_DIRECT_OBJC_ISA_USAGE = YES_ERROR;
				CLANG_WARN_DOCUMENTATION_COMMENTS = YES;
				CLANG_WARN_EMPTY_BODY = YES;
				CLANG_WARN_ENUM_CONVERSION = YES;
				CLANG_WARN_INFINITE_RECURSION = YES;
				CLANG_WARN_INT_CONVERSION = YES;
				CLANG_WARN_NON_LITERAL_NULL_CONVERSION = YES;
				CLANG_WARN_OBJC_IMPLICIT_RETAIN_SELF = YES;
				CLANG_WARN_OBJC_LITERAL_CONVERSION = YES;
				CLANG_WARN_OBJC_ROOT_CLASS = YES_ERROR;
				CLANG_WARN_QUOTED_INCLUDE_IN_FRAMEWORK_HEADER = YES;
				CLANG_WARN_RANGE_LOOP_ANALYSIS = YES;
				CLANG_WARN_STRICT_PROTOTYPES = YES;
				CLANG_WARN_SUSPICIOUS_MOVE = YES;
				CLANG_WARN_UNGUARDED_AVAILABILITY = YES_AGGRESSIVE;
				CLANG_WARN_UNREACHABLE_CODE = YES;
				CLANG_WARN__DUPLICATE_METHOD_MATCH = YES;
				CODE_SIGNING_REQUIRED = NO;
				CODE_SIGN_ENTITLEMENTS = "";
				CODE_SIGN_IDENTITY = "-";
				COPY_PHASE_STRIP = NO;
				DEBUG_INFORMATION_FORMAT = dwarf;
				ENABLE_STRICT_OBJC_MSGSEND = YES;
				ENABLE_TESTABILITY = YES;
				GCC_C_LANGUAGE_STANDARD = gnu11;
				GCC_DYNAMIC_NO_PIC = NO;
				GCC_NO_COMMON_BLOCKS = YES;
				GCC_OPTIMIZATION_LEVEL = 0;
				GCC_PREPROCESSOR_DEFINITIONS = (
					"$(inherited)",
					"DEBUG=1",
				);
				GCC_WARN_64_TO_32_BIT_CONVERSION = YES;
				GCC_WARN_ABOUT_RETURN_TYPE = YES_ERROR;
				GCC_WARN_UNDECLARED_SELECTOR = YES;
				GCC_WARN_UNINITIALIZED_AUTOS = YES_AGGRESSIVE;
				GCC_WARN_UNUSED_FUNCTION = YES;
				GCC_WARN_UNUSED_VARIABLE = YES;
				MACOSX_DEPLOYMENT_TARGET = 14.0;
				MTL_ENABLE_DEBUG_INFO = INCLUDE_SOURCE;
				MTL_FAST_MATH = YES;
				ONLY_ACTIVE_ARCH = YES;
				PRODUCT_NAME = "$(TARGET_NAME)";
				SDKROOT = macosx;
				SWIFT_ACTIVE_COMPILATION_CONDITIONS = DEBUG;
				SWIFT_OPTIMIZATION_LEVEL = "-Onone";
				SWIFT_VERSION = 5.9;
			};
			name = Debug;
		};
		BB26507E11E4CD240578FDB9 /* Debug */ = {
			isa = XCBuildConfiguration;
			buildSettings = {
				BUNDLE_LOADER = "$(TEST_HOST)";
				CODE_SIGNING_REQUIRED = NO;
				CODE_SIGN_IDENTITY = "-";
				COMBINE_HIDPI_IMAGES = YES;
				GENERATE_INFOPLIST_FILE = YES;
				LD_RUNPATH_SEARCH_PATHS = (
					"$(inherited)",
					"@executable_path/../Frameworks",
					"@loader_path/../Frameworks",
				);
				MODULE_NAME = minimax_bar_tests;
				PRODUCT_BUNDLE_IDENTIFIER = com.minimax.statusbar.tests;
				SDKROOT = macosx;
				TEST_HOST = "$(BUILT_PRODUCTS_DIR)/MiniMaxBar.app/Contents/MacOS/MiniMaxBar";
			};
			name = Debug;
		};
		E61E07885BF503B3A927AFBF /* Release */ = {
			isa = XCBuildConfiguration;
			buildSettings = {
				ASSETCATALOG_COMPILER_APPICON_NAME = AppIcon;
				COMBINE_HIDPI_IMAGES = YES;
				CURRENT_PROJECT_VERSION = 3;
				GENERATE_INFOPLIST_FILE = NO;
				INFOPLIST_FILE = App/Info.plist;
				LD_RUNPATH_SEARCH_PATHS = (
					"$(inherited)",
					"@executable_path/../Frameworks",
				);
				MARKETING_VERSION = 1.0.2;
				PRODUCT_BUNDLE_IDENTIFIER = com.minimax.statusbar;
				PRODUCT_NAME = MiniMaxBar;
				SDKROOT = macosx;
				SUPublicEDKey = "8n6qpNCw5nnChaXomz88SKWPaYUXfvSo8P9fMpq/6hs=";
			};
			name = Release;
		};
/* End XCBuildConfiguration section */

/* Begin XCConfigurationList section */
		4873EAA054CA3ACE60FA7833 /* Build configuration list for PBXNativeTarget "minimax-bar-tests" */ = {
			isa = XCConfigurationList;
			buildConfigurations = (
				BB26507E11E4CD240578FDB9 /* Debug */,
				6F30437632D57DBCB45F4FA7 /* Release */,
			);
			defaultConfigurationIsVisible = 0;
			defaultConfigurationName = Debug;
		};
		92EEAEF19EDEC5741C6C202F /* Build configuration list for PBXNativeTarget "minimax-bar" */ = {
			isa = XCConfigurationList;
			buildConfigurations = (
				34A1503FC8DF2684CBAB0C31 /* Debug */,
				E61E07885BF503B3A927AFBF /* Release */,
			);
			defaultConfigurationIsVisible = 0;
			defaultConfigurationName = Debug;
		};
		E9411F7419664EC05B3551F0 /* Build configuration list for PBXProject "minimax-bar" */ = {
			isa = XCConfigurationList;
			buildConfigurations = (
				ADA3983FF48F351626497DBC /* Debug */,
				7A2BA2F019D6C241C2E9D897 /* Release */,
			);
			defaultConfigurationIsVisible = 0;
			defaultConfigurationName = Debug;
		};
/* End XCConfigurationList section */

/* Begin XCRemoteSwiftPackageReference section */
		A44AFC8EA802AA444E86B73A /* XCRemoteSwiftPackageReference "Sparkle" */ = {
			isa = XCRemoteSwiftPackageReference;
			repositoryURL = "https://github.com/sparkle-project/Sparkle";
			requirement = {
				kind = upToNextMajorVersion;
				minimumVersion = 2.6.0;
			};
		};
/* End XCRemoteSwiftPackageReference section */

/* Begin XCSwiftPackageProductDependency section */
		3CEF705F0367CC841193A983 /* Sparkle */ = {
			isa = XCSwiftPackageProductDependency;
			package = A44AFC8EA802AA444E86B73A /* XCRemoteSwiftPackageReference "Sparkle" */;
			productName = Sparkle;
		};
/* End XCSwiftPackageProductDependency section */
	};
	rootObject = F940659A562114A0051C638F /* Project object */;
}
